
Microsoft Visual Studio Solution File, Format Version 12.00
# Visual Studio Version 17
VisualStudioVersion = 17.0.31912.275
MinimumVisualStudioVersion = 10.0.40219.1
Project("{9A19103F-16F7-4668-BE54-9A1E7A4F7556}") = "PickRandomCards", "PickRandomCards\PickRandomCards.csproj", "{04859738-5032-4C7E-9A33-B78FF2674DFA}"
EndProject
Project("{FAE04EC0-301F-11D3-BF4B-00C04F79EFBC}") = "PickACardUI", "..\PickACardUI\PickACardUI.csproj", "{6091C97A-A20B-4E8B-B40B-DF43C6A760B1}"
EndProject
Global
	GlobalSection(SolutionConfigurationPlatforms) = preSolution
		Debug|Any CPU = Debug|Any CPU
		Release|Any CPU = Release|Any CPU
	EndGlobalSection
	GlobalSection(ProjectConfigurationPlatforms) = postSolution
		{04859738-5032-4C7E-9A33-B78FF2674DFA}.Debug|Any CPU.ActiveCfg = Debug|Any CPU
		{04859738-5032-4C7E-9A33-B78FF2674DFA}.Debug|Any CPU.Build.0 = Debug|Any CPU
		{04859738-5032-4C7E-9A33-B78FF2674DFA}.Release|Any CPU.ActiveCfg = Release|Any CPU
		{04859738-5032-4C7E-9A33-B78FF2674DFA}.Release|Any CPU.Build.0 = Release|Any CPU
		{6091C97A-A20B-4E8B-B40B-DF43C6A760B1}.Debug|Any CPU.ActiveCfg = Debug|Any CPU
		{6091C97A-A20B-4E8B-B40B-DF43C6A760B1}.Debug|Any CPU.Build.0 = Debug|Any CPU
		{6091C97A-A20B-4E8B-B40B-DF43C6A760B1}.Release|Any CPU.ActiveCfg = Release|Any CPU
		{6091C97A-A20B-4E8B-B40B-DF43C6A760B1}.Release|Any CPU.Build.0 = Release|Any CPU
	EndGlobalSection
	GlobalSection(SolutionProperties) = preSolution
		HideSolutionNode = FALSE
	EndGlobalSection
	GlobalSection(ExtensibilityGlobals) = postSolution
		SolutionGuid = {87738136-B636-40CC-A20E-8812B2B90EB7}
	EndGlobalSection
EndGlobal
